
Microsoft Visual Studio Solution File, Format Version 12.00
# Visual Studio Version 16
VisualStudioVersion = 16.0.30002.166
MinimumVisualStudioVersion = 10.0.40219.1
Project("{FAE04EC0-301F-11D3-BF4B-00C04F79EFBC}") = "RookieHacksCOVID.UWP", "RookieHacksCOVID\RookieHacksCOVID.UWP\RookieHacksCOVID.UWP.csproj", "{5581FA13-8431-4A2C-9553-7EE9195B83AC}"
EndProject
Project("{FAE04EC0-301F-11D3-BF4B-00C04F79EFBC}") = "RookieHacksCOVID.Android", "RookieHacksCOVID\RookieHacksCOVID.Android\RookieHacksCOVID.Android.csproj", "{BB1C43D5-1643-40DF-BB45-AA608C97E269}"
EndProject
Project("{FAE04EC0-301F-11D3-BF4B-00C04F79EFBC}") = "RookieHacksCOVID.iOS", "RookieHacksCOVID\RookieHacksCOVID.iOS\RookieHacksCOVID.iOS.csproj", "{704818CF-A015-46BF-867F-33E4059199A7}"
EndProject
Project("{FAE04EC0-301F-11D3-BF4B-00C04F79EFBC}") = "RookieHacksCOVID", "RookieHacksCOVID\RookieHacksCOVID\RookieHacksCOVID.csproj", "{02B550EE-7000-4446-964F-87900E85D330}"
EndProject
Global
	GlobalSection(SolutionConfigurationPlatforms) = preSolution
		Debug|Any CPU = Debug|Any CPU
		Debug|ARM = Debug|ARM
		Debug|iPhone = Debug|iPhone
		Debug|iPhoneSimulator = Debug|iPhoneSimulator
		Debug|x64 = Debug|x64
		Debug|x86 = Debug|x86
		Release|Any CPU = Release|Any CPU
		Release|ARM = Release|ARM
		Release|iPhone = Release|iPhone
		Release|iPhoneSimulator = Release|iPhoneSimulator
		Release|x64 = Release|x64
		Release|x86 = Release|x86
	EndGlobalSection
	GlobalSection(ProjectConfigurationPlatforms) = postSolution
		{5581FA13-8431-4A2C-9553-7EE9195B83AC}.Debug|Any CPU.ActiveCfg = Debug|x86
		{5581FA13-8431-4A2C-9553-7EE9195B83AC}.Debug|Any CPU.Build.0 = Debug|x86
		{5581FA13-8431-4A2C-9553-7EE9195B83AC}.Debug|Any CPU.Deploy.0 = Debug|x86
		{5581FA13-8431-4A2C-9553-7EE9195B83AC}.Debug|ARM.ActiveCfg = Debug|ARM
		{5581FA13-8431-4A2C-9553-7EE9195B83AC}.Debug|ARM.Build.0 = Debug|ARM
		{5581FA13-8431-4A2C-9553-7EE9195B83AC}.Debug|ARM.Deploy.0 = Debug|ARM
		{5581FA13-8431-4A2C-9553-7EE9195B83AC}.Debug|iPhone.ActiveCfg = Debug|x86
		{5581FA13-8431-4A2C-9553-7EE9195B83AC}.Debug|iPhone.Build.0 = Debug|x86
		{5581FA13-8431-4A2C-9553-7EE9195B83AC}.Debug|iPhone.Deploy.0 = Debug|x86
		{5581FA13-8431-4A2C-9553-7EE9195B83AC}.Debug|iPhoneSimulator.ActiveCfg = Debug|x86
		{5581FA13-8431-4A2C-9553-7EE9195B83AC}.Debug|iPhoneSimulator.Build.0 = Debug|x86
		{5581FA13-8431-4A2C-9553-7EE9195B83AC}.Debug|iPhoneSimulator.Deploy.0 = Debug|x86
		{5581FA13-8431-4A2C-9553-7EE9195B83AC}.Debug|x64.ActiveCfg = Debug|x64
		{5581FA13-8431-4A2C-9553-7EE9195B83AC}.Debug|x64.Build.0 = Debug|x64
		{5581FA13-8431-4A2C-9553-7EE9195B83AC}.Debug|x64.Deploy.0 = Debug|x64
		{5581FA13-8431-4A2C-9553-7EE9195B83AC}.Debug|x86.ActiveCfg = Debug|x86
		{5581FA13-8431-4A2C-9553-7EE9195B83AC}.Debug|x86.Build.0 = Debug|x86
		{5581FA13-8431-4A2C-9553-7EE9195B83AC}.Debug|x86.Deploy.0 = Debug|x86
		{5581FA13-8431-4A2C-9553-7EE9195B83AC}.Release|Any CPU.ActiveCfg = Release|x86
		{5581FA13-8431-4A2C-9553-7EE9195B83AC}.Release|Any CPU.Build.0 = Release|x86
		{5581FA13-8431-4A2C-9553-7EE9195B83AC}.Release|Any CPU.Deploy.0 = Release|x86
		{5581FA13-8431-4A2C-9553-7EE9195B83AC}.Release|ARM.ActiveCfg = Release|ARM
		{5581FA13-8431-4A2C-9553-7EE9195B83AC}.Release|ARM.Build.0 = Release|ARM
		{5581FA13-8431-4A2C-9553-7EE9195B83AC}.Release|ARM.Deploy.0 = Release|ARM
		{5581FA13-8431-4A2C-9553-7EE9195B83AC}.Release|iPhone.ActiveCfg = Release|x86
		{5581FA13-8431-4A2C-9553-7EE9195B83AC}.Release|iPhone.Build.0 = Release|x86
		{5581FA13-8431-4A2C-9553-7EE9195B83AC}.Release|iPhone.Deploy.0 = Release|x86
		{5581FA13-8431-4A2C-9553-7EE9195B83AC}.Release|iPhoneSimulator.ActiveCfg = Release|x86
		{5581FA13-8431-4A2C-9553-7EE9195B83AC}.Release|iPhoneSimulator.Build.0 = Release|x86
		{5581FA13-8431-4A2C-9553-7EE9195B83AC}.Release|iPhoneSimulator.Deploy.0 = Release|x86
		{5581FA13-8431-4A2C-9553-7EE9195B83AC}.Release|x64.ActiveCfg = Release|x64
		{5581FA13-8431-4A2C-9553-7EE9195B83AC}.Release|x64.Build.0 = Release|x64
		{5581FA13-8431-4A2C-9553-7EE9195B83AC}.Release|x64.Deploy.0 = Release|x64
		{5581FA13-8431-4A2C-9553-7EE9195B83AC}.Release|x86.ActiveCfg = Release|x86
		{5581FA13-8431-4A2C-9553-7EE9195B83AC}.Release|x86.Build.0 = Release|x86
		{5581FA13-8431-4A2C-9553-7EE9195B83AC}.Release|x86.Deploy.0 = Release|x86
		{BB1C43D5-1643-40DF-BB45-AA608C97E269}.Debug|Any CPU.ActiveCfg = Debug|Any CPU
		{BB1C43D5-1643-40DF-BB45-AA608C97E269}.Debug|Any CPU.Build.0 = Debug|Any CPU
		{BB1C43D5-1643-40DF-BB45-AA608C97E269}.Debug|Any CPU.Deploy.0 = Debug|Any CPU
		{BB1C43D5-1643-40DF-BB45-AA608C97E269}.Debug|ARM.ActiveCfg = Debug|Any CPU
		{BB1C43D5-1643-40DF-BB45-AA608C97E269}.Debug|ARM.Build.0 = Debug|Any CPU
		{BB1C43D5-1643-40DF-BB45-AA608C97E269}.Debug|ARM.Deploy.0 = Debug|Any CPU
		{BB1C43D5-1643-40DF-BB45-AA608C97E269}.Debug|iPhone.ActiveCfg = Debug|Any CPU
		{BB1C43D5-1643-40DF-BB45-AA608C97E269}.Debug|iPhone.Build.0 = Debug|Any CPU
		{BB1C43D5-1643-40DF-BB45-AA608C97E269}.Debug|iPhone.Deploy.0 = Debug|Any CPU
		{BB1C43D5-1643-40DF-BB45-AA608C97E269}.Debug|iPhoneSimulator.ActiveCfg = Debug|Any CPU
		{BB1C43D5-1643-40DF-BB45-AA608C97E269}.Debug|iPhoneSimulator.Build.0 = Debug|Any CPU
		{BB1C43D5-1643-40DF-BB45-AA608C97E269}.Debug|iPhoneSimulator.Deploy.0 = Debug|Any CPU
		{BB1C43D5-1643-40DF-BB45-AA608C97E269}.Debug|x64.ActiveCfg = Debug|Any CPU
		{BB1C43D5-1643-40DF-BB45-AA608C97E269}.Debug|x64.Build.0 = Debug|Any CPU
		{BB1C43D5-1643-40DF-BB45-AA608C97E269}.Debug|x64.Deploy.0 = Debug|Any CPU
		{BB1C43D5-1643-40DF-BB45-AA608C97E269}.Debug|x86.ActiveCfg = Debug|Any CPU
		{BB1C43D5-1643-40DF-BB45-AA608C97E269}.Debug|x86.Build.0 = Debug|Any CPU
		{BB1C43D5-1643-40DF-BB45-AA608C97E269}.Debug|x86.Deploy.0 = Debug|Any CPU
		{BB1C43D5-1643-40DF-BB45-AA608C97E269}.Release|Any CPU.ActiveCfg = Release|Any CPU
		{BB1C43D5-1643-40DF-BB45-AA608C97E269}.Release|Any CPU.Build.0 = Release|Any CPU
		{BB1C43D5-1643-40DF-BB45-AA608C97E269}.Release|Any CPU.Deploy.0 = Release|Any CPU
		{BB1C43D5-1643-40DF-BB45-AA608C97E269}.Release|ARM.ActiveCfg = Release|Any CPU
		{BB1C43D5-1643-40DF-BB45-AA608C97E269}.Release|ARM.Build.0 = Release|Any CPU
		{BB1C43D5-1643-40DF-BB45-AA608C97E269}.Release|ARM.Deploy.0 = Release|Any CPU
		{BB1C43D5-1643-40DF-BB45-AA608C97E269}.Release|iPhone.ActiveCfg = Release|Any CPU
		{BB1C43D5-1643-40DF-BB45-AA608C97E269}.Release|iPhone.Build.0 = Release|Any CPU
		{BB1C43D5-1643-40DF-BB45-AA608C97E269}.Release|iPhone.Deploy.0 = Release|Any CPU
		{BB1C43D5-1643-40DF-BB45-AA608C97E269}.Release|iPhoneSimulator.ActiveCfg = Release|Any CPU
		{BB1C43D5-1643-40DF-BB45-AA608C97E269}.Release|iPhoneSimulator.Build.0 = Release|Any CPU
		{BB1C43D5-1643-40DF-BB45-AA608C97E269}.Release|iPhoneSimulator.Deploy.0 = Release|Any CPU
		{BB1C43D5-1643-40DF-BB45-AA608C97E269}.Release|x64.ActiveCfg = Release|Any CPU
		{BB1C43D5-1643-40DF-BB45-AA608C97E269}.Release|x64.Build.0 = Release|Any CPU
		{BB1C43D5-1643-40DF-BB45-AA608C97E269}.Release|x64.Deploy.0 = Release|Any CPU
		{BB1C43D5-1643-40DF-BB45-AA608C97E269}.Release|x86.ActiveCfg = Release|Any CPU
		{BB1C43D5-1643-40DF-BB45-AA608C97E269}.Release|x86.Build.0 = Release|Any CPU
		{BB1C43D5-1643-40DF-BB45-AA608C97E269}.Release|x86.Deploy.0 = Release|Any CPU
		{704818CF-A015-46BF-867F-33E4059199A7}.Debug|Any CPU.ActiveCfg = Debug|iPhone
		{704818CF-A015-46BF-867F-33E4059199A7}.Debug|Any CPU.Build.0 = Debug|iPhone
		{704818CF-A015-46BF-867F-33E4059199A7}.Debug|Any CPU.Deploy.0 = Debug|iPhone
		{704818CF-A015-46BF-867F-33E4059199A7}.Debug|ARM.ActiveCfg = Debug|iPhone
		{704818CF-A015-46BF-867F-33E4059199A7}.Debug|ARM.Build.0 = Debug|iPhone
		{704818CF-A015-46BF-867F-33E4059199A7}.Debug|ARM.Deploy.0 = Debug|iPhone
		{704818CF-A015-46BF-867F-33E4059199A7}.Debug|iPhone.ActiveCfg = Debug|iPhone
		{704818CF-A015-46BF-867F-33E4059199A7}.Debug|iPhone.Build.0 = Debug|iPhone
		{704818CF-A015-46BF-867F-33E4059199A7}.Debug|iPhone.Deploy.0 = Debug|iPhone
		{704818CF-A015-46BF-867F-33E4059199A7}.Debug|iPhoneSimulator.ActiveCfg = Debug|iPhoneSimulator
		{704818CF-A015-46BF-867F-33E4059199A7}.Debug|iPhoneSimulator.Build.0 = Debug|iPhoneSimulator
		{704818CF-A015-46BF-867F-33E4059199A7}.Debug|iPhoneSimulator.Deploy.0 = Debug|iPhoneSimulator
		{704818CF-A015-46BF-867F-33E4059199A7}.Debug|x64.ActiveCfg = Debug|iPhone
		{704818CF-A015-46BF-867F-33E4059199A7}.Debug|x64.Build.0 = Debug|iPhone
		{704818CF-A015-46BF-867F-33E4059199A7}.Debug|x64.Deploy.0 = Debug|iPhone
		{704818CF-A015-46BF-867F-33E4059199A7}.Debug|x86.ActiveCfg = Debug|iPhone
		{704818CF-A015-46BF-867F-33E4059199A7}.Debug|x86.Build.0 = Debug|iPhone
		{704818CF-A015-46BF-867F-33E4059199A7}.Debug|x86.Deploy.0 = Debug|iPhone
		{704818CF-A015-46BF-867F-33E4059199A7}.Release|Any CPU.ActiveCfg = Release|iPhone
		{704818CF-A015-46BF-867F-33E4059199A7}.Release|Any CPU.Build.0 = Release|iPhone
		{704818CF-A015-46BF-867F-33E4059199A7}.Release|Any CPU.Deploy.0 = Release|iPhone
		{704818CF-A015-46BF-867F-33E4059199A7}.Release|ARM.ActiveCfg = Release|iPhone
		{704818CF-A015-46BF-867F-33E4059199A7}.Release|ARM.Build.0 = Release|iPhone
		{704818CF-A015-46BF-867F-33E4059199A7}.Release|ARM.Deploy.0 = Release|iPhone
		{704818CF-A015-46BF-867F-33E4059199A7}.Release|iPhone.ActiveCfg = Release|iPhone
		{704818CF-A015-46BF-867F-33E4059199A7}.Release|iPhone.Build.0 = Release|iPhone
		{704818CF-A015-46BF-867F-33E4059199A7}.Release|iPhone.Deploy.0 = Release|iPhone
		{704818CF-A015-46BF-867F-33E4059199A7}.Release|iPhoneSimulator.ActiveCfg = Release|iPhoneSimulator
		{704818CF-A015-46BF-867F-33E4059199A7}.Release|iPhoneSimulator.Build.0 = Release|iPhoneSimulator
		{704818CF-A015-46BF-867F-33E4059199A7}.Release|iPhoneSimulator.Deploy.0 = Release|iPhoneSimulator
		{704818CF-A015-46BF-867F-33E4059199A7}.Release|x64.ActiveCfg = Release|iPhone
		{704818CF-A015-46BF-867F-33E4059199A7}.Release|x64.Build.0 = Release|iPhone
		{704818CF-A015-46BF-867F-33E4059199A7}.Release|x64.Deploy.0 = Release|iPhone
		{704818CF-A015-46BF-867F-33E4059199A7}.Release|x86.ActiveCfg = Release|iPhone
		{704818CF-A015-46BF-867F-33E4059199A7}.Release|x86.Build.0 = Release|iPhone
		{704818CF-A015-46BF-867F-33E4059199A7}.Release|x86.Deploy.0 = Release|iPhone
		{02B550EE-7000-4446-964F-87900E85D330}.Debug|Any CPU.ActiveCfg = Debug|Any CPU
		{02B550EE-7000-4446-964F-87900E85D330}.Debug|Any CPU.Build.0 = Debug|Any CPU
		{02B550EE-7000-4446-964F-87900E85D330}.Debug|Any CPU.Deploy.0 = Debug|Any CPU
		{02B550EE-7000-4446-964F-87900E85D330}.Debug|ARM.ActiveCfg = Debug|Any CPU
		{02B550EE-7000-4446-964F-87900E85D330}.Debug|ARM.Build.0 = Debug|Any CPU
		{02B550EE-7000-4446-964F-87900E85D330}.Debug|ARM.Deploy.0 = Debug|Any CPU
		{02B550EE-7000-4446-964F-87900E85D330}.Debug|iPhone.ActiveCfg = Debug|Any CPU
		{02B550EE-7000-4446-964F-87900E85D330}.Debug|iPhone.Build.0 = Debug|Any CPU
		{02B550EE-7000-4446-964F-87900E85D330}.Debug|iPhone.Deploy.0 = Debug|Any CPU
		{02B550EE-7000-4446-964F-87900E85D330}.Debug|iPhoneSimulator.ActiveCfg = Debug|Any CPU
		{02B550EE-7000-4446-964F-87900E85D330}.Debug|iPhoneSimulator.Build.0 = Debug|Any CPU
		{02B550EE-7000-4446-964F-87900E85D330}.Debug|iPhoneSimulator.Deploy.0 = Debug|Any CPU
		{02B550EE-7000-4446-964F-87900E85D330}.Debug|x64.ActiveCfg = Debug|Any CPU
		{02B550EE-7000-4446-964F-87900E85D330}.Debug|x64.Build.0 = Debug|Any CPU
		{02B550EE-7000-4446-964F-87900E85D330}.Debug|x64.Deploy.0 = Debug|Any CPU
		{02B550EE-7000-4446-964F-87900E85D330}.Debug|x86.ActiveCfg = Debug|Any CPU
		{02B550EE-7000-4446-964F-87900E85D330}.Debug|x86.Build.0 = Debug|Any CPU
		{02B550EE-7000-4446-964F-87900E85D330}.Debug|x86.Deploy.0 = Debug|Any CPU
		{02B550EE-7000-4446-964F-87900E85D330}.Release|Any CPU.ActiveCfg = Release|Any CPU
		{02B550EE-7000-4446-964F-87900E85D330}.Release|Any CPU.Build.0 = Release|Any CPU
		{02B550EE-7000-4446-964F-87900E85D330}.Release|Any CPU.Deploy.0 = Release|Any CPU
		{02B550EE-7000-4446-964F-87900E85D330}.Release|ARM.ActiveCfg = Release|Any CPU
		{02B550EE-7000-4446-964F-87900E85D330}.Release|ARM.Build.0 = Release|Any CPU
		{02B550EE-7000-4446-964F-87900E85D330}.Release|ARM.Deploy.0 = Release|Any CPU
		{02B550EE-7000-4446-964F-87900E85D330}.Release|iPhone.ActiveCfg = Release|Any CPU
		{02B550EE-7000-4446-964F-87900E85D330}.Release|iPhone.Build.0 = Release|Any CPU
		{02B550EE-7000-4446-964F-87900E85D330}.Release|iPhone.Deploy.0 = Release|Any CPU
		{02B550EE-7000-4446-964F-87900E85D330}.Release|iPhoneSimulator.ActiveCfg = Release|Any CPU
		{02B550EE-7000-4446-964F-87900E85D330}.Release|iPhoneSimulator.Build.0 = Release|Any CPU
		{02B550EE-7000-4446-964F-87900E85D330}.Release|iPhoneSimulator.Deploy.0 = Release|Any CPU
		{02B550EE-7000-4446-964F-87900E85D330}.Release|x64.ActiveCfg = Release|Any CPU
		{02B550EE-7000-4446-964F-87900E85D330}.Release|x64.Build.0 = Release|Any CPU
		{02B550EE-7000-4446-964F-87900E85D330}.Release|x64.Deploy.0 = Release|Any CPU
		{02B550EE-7000-4446-964F-87900E85D330}.Release|x86.ActiveCfg = Release|Any CPU
		{02B550EE-7000-4446-964F-87900E85D330}.Release|x86.Build.0 = Release|Any CPU
		{02B550EE-7000-4446-964F-87900E85D330}.Release|x86.Deploy.0 = Release|Any CPU
	EndGlobalSection
	GlobalSection(SolutionProperties) = preSolution
		HideSolutionNode = FALSE
	EndGlobalSection
	GlobalSection(ExtensibilityGlobals) = postSolution
		SolutionGuid = {670EADD4-CD36-4EEB-B6FE-A48831CF8A1A}
	EndGlobalSection
EndGlobal
